// !$*UTF8*$!
{
	archiveVersion = 1;
	classes = {
	};
	objectVersion = 55;
	objects = {

/* Begin PBXBuildFile section */
		26D9D96128117B4800A8EA86 /* ProductAddViewController.swift in Sources */ = {isa = PBXBuildFile; fileRef = 26D9D95F28117B4800A8EA86 /* ProductAddViewController.swift */; };
		26D9D96228117B4800A8EA86 /* ProductAddViewController.xib in Resources */ = {isa = PBXBuildFile; fileRef = 26D9D96028117B4800A8EA86 /* ProductAddViewController.xib */; };
		26D9D9682816CFD200A8EA86 /* ProductTableViewCell.swift in Sources */ = {isa = PBXBuildFile; fileRef = 26D9D9662816CFD200A8EA86 /* ProductTableViewCell.swift */; };
		26D9D9692816CFD200A8EA86 /* ProductTableViewCell.xib in Resources */ = {isa = PBXBuildFile; fileRef = 26D9D9672816CFD200A8EA86 /* ProductTableViewCell.xib */; };
		26BE46E728181804005118BF /* AutotextTableViewCell.swift in Sources */ = {isa = PBXBuildFile; fileRef = 26BE46E528181804005118BF /* AutotextTableViewCell.swift */; };
		26BE46E828181804005118BF /* AutotextTableViewCell.xib in Resources */ = {isa = PBXBuildFile; fileRef = 26BE46E628181804005118BF /* AutotextTableViewCell.xib */; };
		26BE46ED28181902005118BF /* AutotextAddViewController.swift in Sources */ = {isa = PBXBuildFile; fileRef = 26BE46EB28181902005118BF /* AutotextAddViewController.swift */; };
		26BE46EE28181902005118BF /* AutotextAddViewController.xib in Resources */ = {isa = PBXBuildFile; fileRef = 26BE46EC28181902005118BF /* AutotextAddViewController.xib */; };
		B76E2A982805A905003E349F /* UIView+Extension.swift in Sources */ = {isa = PBXBuildFile; fileRef = B76E2A972805A905003E349F /* UIView+Extension.swift */; };
		B76E2AC02805AB61003E349F /* TabBarViewController.xib in Resources */ = {isa = PBXBuildFile; fileRef = B76E2AA52805AB61003E349F /* TabBarViewController.xib */; };
		B76E2AC12805AB61003E349F /* TabBarViewController.swift in Sources */ = {isa = PBXBuildFile; fileRef = B76E2AA62805AB61003E349F /* TabBarViewController.swift */; };
		B76E2AC22805AB61003E349F /* ProductViewController.swift in Sources */ = {isa = PBXBuildFile; fileRef = B76E2AA92805AB61003E349F /* ProductViewController.swift */; };
		B76E2AC32805AB61003E349F /* ProductViewController.xib in Resources */ = {isa = PBXBuildFile; fileRef = B76E2AAA2805AB61003E349F /* ProductViewController.xib */; };
		B76E2AC42805AB61003E349F /* LaunchScreen.storyboard in Resources */ = {isa = PBXBuildFile; fileRef = B76E2AAB2805AB61003E349F /* LaunchScreen.storyboard */; };
		B76E2AC52805AB61003E349F /* DashboardVCViewModel.swift in Sources */ = {isa = PBXBuildFile; fileRef = B76E2AAF2805AB61003E349F /* DashboardVCViewModel.swift */; };
		B76E2AC62805AB61003E349F /* DashboardViewController.swift in Sources */ = {isa = PBXBuildFile; fileRef = B76E2AB12805AB61003E349F /* DashboardViewController.swift */; };
		B76E2AC72805AB61003E349F /* DashboardViewController.xib in Resources */ = {isa = PBXBuildFile; fileRef = B76E2AB22805AB61003E349F /* DashboardViewController.xib */; };
		B76E2AC82805AB61003E349F /* TransactionViewController.swift in Sources */ = {isa = PBXBuildFile; fileRef = B76E2AB92805AB61003E349F /* TransactionViewController.swift */; };
		B76E2AC92805AB61003E349F /* TransactionViewController.xib in Resources */ = {isa = PBXBuildFile; fileRef = B76E2ABA2805AB61003E349F /* TransactionViewController.xib */; };
		B76E2ACA2805AB61003E349F /* AutotextViewController.xib in Resources */ = {isa = PBXBuildFile; fileRef = B76E2ABE2805AB61003E349F /* AutotextViewController.xib */; };
		B76E2ACB2805AB61003E349F /* AutotextViewController.swift in Sources */ = {isa = PBXBuildFile; fileRef = B76E2ABF2805AB61003E349F /* AutotextViewController.swift */; };
		B7E1DA3B2804990F006C9D27 /* Colors.xcassets in Resources */ = {isa = PBXBuildFile; fileRef = B7E1DA3A2804990E006C9D27 /* Colors.xcassets */; };
		B7E1DA4428049CE6006C9D27 /* Enum.swift in Sources */ = {isa = PBXBuildFile; fileRef = B7E1DA4328049CE6006C9D27 /* Enum.swift */; };
		B7E1DA4628049CFC006C9D27 /* Constant.swift in Sources */ = {isa = PBXBuildFile; fileRef = B7E1DA4528049CFB006C9D27 /* Constant.swift */; };
		E6545F1D2804499900A95A03 /* AppDelegate.swift in Sources */ = {isa = PBXBuildFile; fileRef = E6545F1C2804499900A95A03 /* AppDelegate.swift */; };
		E6545F1F2804499900A95A03 /* SceneDelegate.swift in Sources */ = {isa = PBXBuildFile; fileRef = E6545F1E2804499900A95A03 /* SceneDelegate.swift */; };
		E6545F272804499900A95A03 /* Salma.xcdatamodeld in Sources */ = {isa = PBXBuildFile; fileRef = E6545F252804499900A95A03 /* Salma.xcdatamodeld */; };
		E6545F292804499B00A95A03 /* Assets.xcassets in Resources */ = {isa = PBXBuildFile; fileRef = E6545F282804499B00A95A03 /* Assets.xcassets */; };
		E6545F372804499B00A95A03 /* SalmaTests.swift in Sources */ = {isa = PBXBuildFile; fileRef = E6545F362804499B00A95A03 /* SalmaTests.swift */; };
		E6545F412804499B00A95A03 /* SalmaUITests.swift in Sources */ = {isa = PBXBuildFile; fileRef = E6545F402804499B00A95A03 /* SalmaUITests.swift */; };
		E6545F432804499C00A95A03 /* SalmaUITestsLaunchTests.swift in Sources */ = {isa = PBXBuildFile; fileRef = E6545F422804499C00A95A03 /* SalmaUITestsLaunchTests.swift */; };
		E698705D2815C05E002D73F2 /* SettingTableViewCell.swift in Sources */ = {isa = PBXBuildFile; fileRef = E698705B2815C05E002D73F2 /* SettingTableViewCell.swift */; };
		E698705E2815C05E002D73F2 /* SettingTableViewCell.xib in Resources */ = {isa = PBXBuildFile; fileRef = E698705C2815C05E002D73F2 /* SettingTableViewCell.xib */; };
		E69870632816CCDD002D73F2 /* StoreProfileViewController.swift in Sources */ = {isa = PBXBuildFile; fileRef = E69870612816CCDD002D73F2 /* StoreProfileViewController.swift */; };
		E69870642816CCDD002D73F2 /* StoreProfileViewController.xib in Resources */ = {isa = PBXBuildFile; fileRef = E69870622816CCDD002D73F2 /* StoreProfileViewController.xib */; };
		E69870662816D458002D73F2 /* Textfield.swift in Sources */ = {isa = PBXBuildFile; fileRef = E69870652816D458002D73F2 /* Textfield.swift */; };
		E698706C2817167C002D73F2 /* IQKeyboardManagerSwift in Frameworks */ = {isa = PBXBuildFile; productRef = E698706B2817167C002D73F2 /* IQKeyboardManagerSwift */; };
		E6FE835528102773000AD0C1 /* Transaction.swift in Sources */ = {isa = PBXBuildFile; fileRef = E6FE835428102773000AD0C1 /* Transaction.swift */; };
		E6FE835A28102B13000AD0C1 /* SettingViewController.swift in Sources */ = {isa = PBXBuildFile; fileRef = E6FE835828102B13000AD0C1 /* SettingViewController.swift */; };
		E6FE835B28102B13000AD0C1 /* SettingViewController.xib in Resources */ = {isa = PBXBuildFile; fileRef = E6FE835928102B13000AD0C1 /* SettingViewController.xib */; };
		E6FE83602810362B000AD0C1 /* TransactionTableViewCell.swift in Sources */ = {isa = PBXBuildFile; fileRef = E6FE835E2810362B000AD0C1 /* TransactionTableViewCell.swift */; };
		E6FE83612810362B000AD0C1 /* TransactionTableViewCell.xib in Resources */ = {isa = PBXBuildFile; fileRef = E6FE835F2810362B000AD0C1 /* TransactionTableViewCell.xib */; };
		E6FE836328114F67000AD0C1 /* Formatter+Extension.swift in Sources */ = {isa = PBXBuildFile; fileRef = E6FE836228114F66000AD0C1 /* Formatter+Extension.swift */; };
		E6FE836828118222000AD0C1 /* TextFieldView.swift in Sources */ = {isa = PBXBuildFile; fileRef = E6FE836728118222000AD0C1 /* TextFieldView.swift */; };
		E6FE836A28118477000AD0C1 /* TextFieldView.xib in Resources */ = {isa = PBXBuildFile; fileRef = E6FE836928118477000AD0C1 /* TextFieldView.xib */; };
/* End PBXBuildFile section */

/* Begin PBXContainerItemProxy section */
		E6545F332804499B00A95A03 /* PBXContainerItemProxy */ = {
			isa = PBXContainerItemProxy;
			containerPortal = E6545F112804499900A95A03 /* Project object */;
			proxyType = 1;
			remoteGlobalIDString = E6545F182804499900A95A03;
			remoteInfo = Salma;
		};
		E6545F3D2804499B00A95A03 /* PBXContainerItemProxy */ = {
			isa = PBXContainerItemProxy;
			containerPortal = E6545F112804499900A95A03 /* Project object */;
			proxyType = 1;
			remoteGlobalIDString = E6545F182804499900A95A03;
			remoteInfo = Salma;
		};
/* End PBXContainerItemProxy section */

/* Begin PBXFileReference section */
		26D9D95F28117B4800A8EA86 /* ProductAddViewController.swift */ = {isa = PBXFileReference; lastKnownFileType = sourcecode.swift; path = ProductAddViewController.swift; sourceTree = "<group>"; };
		26D9D96028117B4800A8EA86 /* ProductAddViewController.xib */ = {isa = PBXFileReference; lastKnownFileType = file.xib; path = ProductAddViewController.xib; sourceTree = "<group>"; };
		26D9D9662816CFD200A8EA86 /* ProductTableViewCell.swift */ = {isa = PBXFileReference; lastKnownFileType = sourcecode.swift; path = ProductTableViewCell.swift; sourceTree = "<group>"; };
		26D9D9672816CFD200A8EA86 /* ProductTableViewCell.xib */ = {isa = PBXFileReference; lastKnownFileType = file.xib; path = ProductTableViewCell.xib; sourceTree = "<group>"; };
		26BE46E528181804005118BF /* AutotextTableViewCell.swift */ = {isa = PBXFileReference; lastKnownFileType = sourcecode.swift; path = AutotextTableViewCell.swift; sourceTree = "<group>"; };
		26BE46E628181804005118BF /* AutotextTableViewCell.xib */ = {isa = PBXFileReference; lastKnownFileType = file.xib; path = AutotextTableViewCell.xib; sourceTree = "<group>"; };
		26BE46EB28181902005118BF /* AutotextAddViewController.swift */ = {isa = PBXFileReference; lastKnownFileType = sourcecode.swift; path = AutotextAddViewController.swift; sourceTree = "<group>"; };
		26BE46EC28181902005118BF /* AutotextAddViewController.xib */ = {isa = PBXFileReference; lastKnownFileType = file.xib; path = AutotextAddViewController.xib; sourceTree = "<group>"; };
		B76E2A972805A905003E349F /* UIView+Extension.swift */ = {isa = PBXFileReference; lastKnownFileType = sourcecode.swift; path = "UIView+Extension.swift"; sourceTree = "<group>"; };
		B76E2AA52805AB61003E349F /* TabBarViewController.xib */ = {isa = PBXFileReference; fileEncoding = 4; lastKnownFileType = file.xib; path = TabBarViewController.xib; sourceTree = "<group>"; };
		B76E2AA62805AB61003E349F /* TabBarViewController.swift */ = {isa = PBXFileReference; fileEncoding = 4; lastKnownFileType = sourcecode.swift; path = TabBarViewController.swift; sourceTree = "<group>"; };
		B76E2AA92805AB61003E349F /* ProductViewController.swift */ = {isa = PBXFileReference; fileEncoding = 4; lastKnownFileType = sourcecode.swift; path = ProductViewController.swift; sourceTree = "<group>"; };
		B76E2AAA2805AB61003E349F /* ProductViewController.xib */ = {isa = PBXFileReference; fileEncoding = 4; lastKnownFileType = file.xib; path = ProductViewController.xib; sourceTree = "<group>"; };
		B76E2AAC2805AB61003E349F /* Base */ = {isa = PBXFileReference; lastKnownFileType = file.storyboard; name = Base; path = Base.lproj/LaunchScreen.storyboard; sourceTree = "<group>"; };
		B76E2AAF2805AB61003E349F /* DashboardVCViewModel.swift */ = {isa = PBXFileReference; fileEncoding = 4; lastKnownFileType = sourcecode.swift; path = DashboardVCViewModel.swift; sourceTree = "<group>"; };
		B76E2AB12805AB61003E349F /* DashboardViewController.swift */ = {isa = PBXFileReference; fileEncoding = 4; lastKnownFileType = sourcecode.swift; path = DashboardViewController.swift; sourceTree = "<group>"; };
		B76E2AB22805AB61003E349F /* DashboardViewController.xib */ = {isa = PBXFileReference; fileEncoding = 4; lastKnownFileType = file.xib; path = DashboardViewController.xib; sourceTree = "<group>"; };
		B76E2AB92805AB61003E349F /* TransactionViewController.swift */ = {isa = PBXFileReference; fileEncoding = 4; lastKnownFileType = sourcecode.swift; path = TransactionViewController.swift; sourceTree = "<group>"; };
		B76E2ABA2805AB61003E349F /* TransactionViewController.xib */ = {isa = PBXFileReference; fileEncoding = 4; lastKnownFileType = file.xib; path = TransactionViewController.xib; sourceTree = "<group>"; };
		B76E2ABE2805AB61003E349F /* AutotextViewController.xib */ = {isa = PBXFileReference; fileEncoding = 4; lastKnownFileType = file.xib; path = AutotextViewController.xib; sourceTree = "<group>"; };
		B76E2ABF2805AB61003E349F /* AutotextViewController.swift */ = {isa = PBXFileReference; fileEncoding = 4; lastKnownFileType = sourcecode.swift; path = AutotextViewController.swift; sourceTree = "<group>"; };
		B7E1DA3A2804990E006C9D27 /* Colors.xcassets */ = {isa = PBXFileReference; lastKnownFileType = folder.assetcatalog; path = Colors.xcassets; sourceTree = "<group>"; };
		B7E1DA4328049CE6006C9D27 /* Enum.swift */ = {isa = PBXFileReference; lastKnownFileType = sourcecode.swift; path = Enum.swift; sourceTree = "<group>"; };
		B7E1DA4528049CFB006C9D27 /* Constant.swift */ = {isa = PBXFileReference; lastKnownFileType = sourcecode.swift; path = Constant.swift; sourceTree = "<group>"; };
		E6545F192804499900A95A03 /* Salma.app */ = {isa = PBXFileReference; explicitFileType = wrapper.application; includeInIndex = 0; path = Salma.app; sourceTree = BUILT_PRODUCTS_DIR; };
		E6545F1C2804499900A95A03 /* AppDelegate.swift */ = {isa = PBXFileReference; lastKnownFileType = sourcecode.swift; path = AppDelegate.swift; sourceTree = "<group>"; };
		E6545F1E2804499900A95A03 /* SceneDelegate.swift */ = {isa = PBXFileReference; lastKnownFileType = sourcecode.swift; path = SceneDelegate.swift; sourceTree = "<group>"; };
		E6545F262804499900A95A03 /* Salma.xcdatamodel */ = {isa = PBXFileReference; lastKnownFileType = wrapper.xcdatamodel; path = Salma.xcdatamodel; sourceTree = "<group>"; };
		E6545F282804499B00A95A03 /* Assets.xcassets */ = {isa = PBXFileReference; lastKnownFileType = folder.assetcatalog; path = Assets.xcassets; sourceTree = "<group>"; };
		E6545F2D2804499B00A95A03 /* Info.plist */ = {isa = PBXFileReference; lastKnownFileType = text.plist.xml; path = Info.plist; sourceTree = "<group>"; };
		E6545F322804499B00A95A03 /* SalmaTests.xctest */ = {isa = PBXFileReference; explicitFileType = wrapper.cfbundle; includeInIndex = 0; path = SalmaTests.xctest; sourceTree = BUILT_PRODUCTS_DIR; };
		E6545F362804499B00A95A03 /* SalmaTests.swift */ = {isa = PBXFileReference; lastKnownFileType = sourcecode.swift; path = SalmaTests.swift; sourceTree = "<group>"; };
		E6545F3C2804499B00A95A03 /* SalmaUITests.xctest */ = {isa = PBXFileReference; explicitFileType = wrapper.cfbundle; includeInIndex = 0; path = SalmaUITests.xctest; sourceTree = BUILT_PRODUCTS_DIR; };
		E6545F402804499B00A95A03 /* SalmaUITests.swift */ = {isa = PBXFileReference; lastKnownFileType = sourcecode.swift; path = SalmaUITests.swift; sourceTree = "<group>"; };
		E6545F422804499C00A95A03 /* SalmaUITestsLaunchTests.swift */ = {isa = PBXFileReference; lastKnownFileType = sourcecode.swift; path = SalmaUITestsLaunchTests.swift; sourceTree = "<group>"; };
		E698705B2815C05E002D73F2 /* SettingTableViewCell.swift */ = {isa = PBXFileReference; lastKnownFileType = sourcecode.swift; path = SettingTableViewCell.swift; sourceTree = "<group>"; };
		E698705C2815C05E002D73F2 /* SettingTableViewCell.xib */ = {isa = PBXFileReference; lastKnownFileType = file.xib; path = SettingTableViewCell.xib; sourceTree = "<group>"; };
		E69870612816CCDD002D73F2 /* StoreProfileViewController.swift */ = {isa = PBXFileReference; lastKnownFileType = sourcecode.swift; path = StoreProfileViewController.swift; sourceTree = "<group>"; };
		E69870622816CCDD002D73F2 /* StoreProfileViewController.xib */ = {isa = PBXFileReference; lastKnownFileType = file.xib; path = StoreProfileViewController.xib; sourceTree = "<group>"; };
		E69870652816D458002D73F2 /* Textfield.swift */ = {isa = PBXFileReference; lastKnownFileType = sourcecode.swift; path = Textfield.swift; sourceTree = "<group>"; };
		E6FE835428102773000AD0C1 /* Transaction.swift */ = {isa = PBXFileReference; lastKnownFileType = sourcecode.swift; path = Transaction.swift; sourceTree = "<group>"; };
		E6FE835828102B13000AD0C1 /* SettingViewController.swift */ = {isa = PBXFileReference; lastKnownFileType = sourcecode.swift; path = SettingViewController.swift; sourceTree = "<group>"; };
		E6FE835928102B13000AD0C1 /* SettingViewController.xib */ = {isa = PBXFileReference; lastKnownFileType = file.xib; path = SettingViewController.xib; sourceTree = "<group>"; };
		E6FE835E2810362B000AD0C1 /* TransactionTableViewCell.swift */ = {isa = PBXFileReference; lastKnownFileType = sourcecode.swift; path = TransactionTableViewCell.swift; sourceTree = "<group>"; };
		E6FE835F2810362B000AD0C1 /* TransactionTableViewCell.xib */ = {isa = PBXFileReference; lastKnownFileType = file.xib; path = TransactionTableViewCell.xib; sourceTree = "<group>"; };
		E6FE836228114F66000AD0C1 /* Formatter+Extension.swift */ = {isa = PBXFileReference; lastKnownFileType = sourcecode.swift; path = "Formatter+Extension.swift"; sourceTree = "<group>"; };
		E6FE836728118222000AD0C1 /* TextFieldView.swift */ = {isa = PBXFileReference; lastKnownFileType = sourcecode.swift; path = TextFieldView.swift; sourceTree = "<group>"; };
		E6FE836928118477000AD0C1 /* TextFieldView.xib */ = {isa = PBXFileReference; lastKnownFileType = file.xib; path = TextFieldView.xib; sourceTree = "<group>"; };
/* End PBXFileReference section */

/* Begin PBXFrameworksBuildPhase section */
		E6545F162804499900A95A03 /* Frameworks */ = {
			isa = PBXFrameworksBuildPhase;
			buildActionMask = 2147483647;
			files = (
				E698706C2817167C002D73F2 /* IQKeyboardManagerSwift in Frameworks */,
			);
			runOnlyForDeploymentPostprocessing = 0;
		};
		E6545F2F2804499B00A95A03 /* Frameworks */ = {
			isa = PBXFrameworksBuildPhase;
			buildActionMask = 2147483647;
			files = (
			);
			runOnlyForDeploymentPostprocessing = 0;
		};
		E6545F392804499B00A95A03 /* Frameworks */ = {
			isa = PBXFrameworksBuildPhase;
			buildActionMask = 2147483647;
			files = (
			);
			runOnlyForDeploymentPostprocessing = 0;
		};
/* End PBXFrameworksBuildPhase section */

/* Begin PBXGroup section */
		26BE46E2281817BA005118BF /* Add */ = {
			isa = PBXGroup;
			children = (
				26BE46EB28181902005118BF /* AutotextAddViewController.swift */,
				26BE46EC28181902005118BF /* AutotextAddViewController.xib */,
			);
			path = Add;
			sourceTree = "<group>";
		};
		26BE46E3281817CA005118BF /* Table */ = {
			isa = PBXGroup;
			children = (
				26BE46E528181804005118BF /* AutotextTableViewCell.swift */,
				26BE46E628181804005118BF /* AutotextTableViewCell.xib */,
			);
			path = Table;
			sourceTree = "<group>";
		};
		26D9D95C28117A4100A8EA86 /* Add */ = {
			isa = PBXGroup;
			children = (
				26D9D95F28117B4800A8EA86 /* ProductAddViewController.swift */,
				26D9D96028117B4800A8EA86 /* ProductAddViewController.xib */,
			);
			path = Add;
			sourceTree = "<group>";
		};
		26D9D9652816CFB800A8EA86 /* Table */ = {
			isa = PBXGroup;
			children = (
				26D9D9662816CFD200A8EA86 /* ProductTableViewCell.swift */,
				26D9D9672816CFD200A8EA86 /* ProductTableViewCell.xib */,
			);
			path = Table;
			sourceTree = "<group>";
		};
		B76E2A962805A8F8003E349F /* Extension */ = {
			isa = PBXGroup;
			children = (
				B76E2A972805A905003E349F /* UIView+Extension.swift */,
				E6FE836228114F66000AD0C1 /* Formatter+Extension.swift */,
			);
			path = Extension;
			sourceTree = "<group>";
		};
		B76E2AA02805AB61003E349F /* Module */ = {
			isa = PBXGroup;
			children = (
				E698705F2816CCC3002D73F2 /* Store Profile */,
				B76E2ACC2805ABEA003E349F /* Root */,
				B76E2AA12805AB61003E349F /* Settings */,
				B76E2AA72805AB61003E349F /* Product */,
				B76E2AAB2805AB61003E349F /* LaunchScreen.storyboard */,
				B76E2AAD2805AB61003E349F /* Dashboard */,
				B76E2AB32805AB61003E349F /* Cek Ongkir */,
				B76E2AB62805AB61003E349F /* Transactions */,
				B76E2ABB2805AB61003E349F /* Autotext */,
			);
			path = Module;
			sourceTree = "<group>";
		};
		B76E2AA12805AB61003E349F /* Settings */ = {
			isa = PBXGroup;
			children = (
				E6FE835728102AE5000AD0C1 /* View */,
				E6FE835628102ADD000AD0C1 /* ViewModel */,
				B76E2AA22805AB61003E349F /* ViewModel */,
				B76E2AA32805AB61003E349F /* View */,
			);
			path = Settings;
			sourceTree = "<group>";
		};
		B76E2AA22805AB61003E349F /* ViewModel */ = {
			isa = PBXGroup;
			children = (
			);
			path = ViewModel;
			sourceTree = "<group>";
		};
		B76E2AA32805AB61003E349F /* View */ = {
			isa = PBXGroup;
			children = (
			);
			path = View;
			sourceTree = "<group>";
		};
		B76E2AA72805AB61003E349F /* Product */ = {
			isa = PBXGroup;
			children = (
				26D9D9652816CFB800A8EA86 /* Table */,
				26D9D95C28117A4100A8EA86 /* Add */,
				B76E2AA82805AB61003E349F /* View */,
			);
			path = Product;
			sourceTree = "<group>";
		};
		B76E2AA82805AB61003E349F /* View */ = {
			isa = PBXGroup;
			children = (
				B76E2AA92805AB61003E349F /* ProductViewController.swift */,
				B76E2AAA2805AB61003E349F /* ProductViewController.xib */,
			);
			path = View;
			sourceTree = "<group>";
		};
		B76E2AAD2805AB61003E349F /* Dashboard */ = {
			isa = PBXGroup;
			children = (
				B76E2AAE2805AB61003E349F /* ViewModel */,
				B76E2AB02805AB61003E349F /* View */,
			);
			path = Dashboard;
			sourceTree = "<group>";
		};
		B76E2AAE2805AB61003E349F /* ViewModel */ = {
			isa = PBXGroup;
			children = (
				B76E2AAF2805AB61003E349F /* DashboardVCViewModel.swift */,
			);
			path = ViewModel;
			sourceTree = "<group>";
		};
		B76E2AB02805AB61003E349F /* View */ = {
			isa = PBXGroup;
			children = (
				B76E2AB12805AB61003E349F /* DashboardViewController.swift */,
				B76E2AB22805AB61003E349F /* DashboardViewController.xib */,
			);
			path = View;
			sourceTree = "<group>";
		};
		B76E2AB32805AB61003E349F /* Cek Ongkir */ = {
			isa = PBXGroup;
			children = (
				B76E2AB42805AB61003E349F /* ViewModel */,
				B76E2AB52805AB61003E349F /* View */,
			);
			path = "Cek Ongkir";
			sourceTree = "<group>";
		};
		B76E2AB42805AB61003E349F /* ViewModel */ = {
			isa = PBXGroup;
			children = (
			);
			path = ViewModel;
			sourceTree = "<group>";
		};
		B76E2AB52805AB61003E349F /* View */ = {
			isa = PBXGroup;
			children = (
			);
			path = View;
			sourceTree = "<group>";
		};
		B76E2AB62805AB61003E349F /* Transactions */ = {
			isa = PBXGroup;
			children = (
				B76E2AB72805AB61003E349F /* ViewModel */,
				B76E2AB82805AB61003E349F /* View */,
			);
			path = Transactions;
			sourceTree = "<group>";
		};
		B76E2AB72805AB61003E349F /* ViewModel */ = {
			isa = PBXGroup;
			children = (
			);
			path = ViewModel;
			sourceTree = "<group>";
		};
		B76E2AB82805AB61003E349F /* View */ = {
			isa = PBXGroup;
			children = (
				B76E2AB92805AB61003E349F /* TransactionViewController.swift */,
				B76E2ABA2805AB61003E349F /* TransactionViewController.xib */,
			);
			path = View;
			sourceTree = "<group>";
		};
		B76E2ABB2805AB61003E349F /* Autotext */ = {
			isa = PBXGroup;
			children = (
				B76E2ABC2805AB61003E349F /* ViewModel */,
				26BE46E3281817CA005118BF /* Table */,
				26BE46E2281817BA005118BF /* Add */,
				B76E2ABD2805AB61003E349F /* View */,
			);
			path = Autotext;
			sourceTree = "<group>";
		};
		B76E2ABC2805AB61003E349F /* ViewModel */ = {
			isa = PBXGroup;
			children = (
			);
			path = ViewModel;
			sourceTree = "<group>";
		};
		B76E2ABD2805AB61003E349F /* View */ = {
			isa = PBXGroup;
			children = (
				B76E2ABE2805AB61003E349F /* AutotextViewController.xib */,
				B76E2ABF2805AB61003E349F /* AutotextViewController.swift */,
			);
			path = View;
			sourceTree = "<group>";
		};
		B76E2ACC2805ABEA003E349F /* Root */ = {
			isa = PBXGroup;
			children = (
				B76E2AA52805AB61003E349F /* TabBarViewController.xib */,
				B76E2AA62805AB61003E349F /* TabBarViewController.swift */,
			);
			path = Root;
			sourceTree = "<group>";
		};
		B7E1DA4228049CD5006C9D27 /* Utility */ = {
			isa = PBXGroup;
			children = (
				B7E1DA4328049CE6006C9D27 /* Enum.swift */,
				B7E1DA4528049CFB006C9D27 /* Constant.swift */,
			);
			path = Utility;
			sourceTree = "<group>";
		};
		E6545F102804499900A95A03 = {
			isa = PBXGroup;
			children = (
				E6545F1B2804499900A95A03 /* Salma */,
				E6545F352804499B00A95A03 /* SalmaTests */,
				E6545F3F2804499B00A95A03 /* SalmaUITests */,
				E6545F1A2804499900A95A03 /* Products */,
			);
			sourceTree = "<group>";
		};
		E6545F1A2804499900A95A03 /* Products */ = {
			isa = PBXGroup;
			children = (
				E6545F192804499900A95A03 /* Salma.app */,
				E6545F322804499B00A95A03 /* SalmaTests.xctest */,
				E6545F3C2804499B00A95A03 /* SalmaUITests.xctest */,
			);
			name = Products;
			sourceTree = "<group>";
		};
		E6545F1B2804499900A95A03 /* Salma */ = {
			isa = PBXGroup;
			children = (
				E6FE835C28103606000AD0C1 /* Reusable Component */,
				E6545F582804521700A95A03 /* Core */,
				E6545F5E2804531200A95A03 /* Helper */,
				B7E1DA4228049CD5006C9D27 /* Utility */,
				B76E2A962805A8F8003E349F /* Extension */,
				B76E2AA02805AB61003E349F /* Module */,
				E6545F5C2804529500A95A03 /* Model */,
				E6545F5B2804523D00A95A03 /* Resources */,
				E6545F2D2804499B00A95A03 /* Info.plist */,
			);
			path = Salma;
			sourceTree = "<group>";
		};
		E6545F352804499B00A95A03 /* SalmaTests */ = {
			isa = PBXGroup;
			children = (
				E6545F362804499B00A95A03 /* SalmaTests.swift */,
			);
			path = SalmaTests;
			sourceTree = "<group>";
		};
		E6545F3F2804499B00A95A03 /* SalmaUITests */ = {
			isa = PBXGroup;
			children = (
				E6545F402804499B00A95A03 /* SalmaUITests.swift */,
				E6545F422804499C00A95A03 /* SalmaUITestsLaunchTests.swift */,
			);
			path = SalmaUITests;
			sourceTree = "<group>";
		};
		E6545F582804521700A95A03 /* Core */ = {
			isa = PBXGroup;
			children = (
				E6545F592804521B00A95A03 /* App */,
			);
			path = Core;
			sourceTree = "<group>";
		};
		E6545F592804521B00A95A03 /* App */ = {
			isa = PBXGroup;
			children = (
				E6545F1C2804499900A95A03 /* AppDelegate.swift */,
				E6545F1E2804499900A95A03 /* SceneDelegate.swift */,
			);
			path = App;
			sourceTree = "<group>";
		};
		E6545F5B2804523D00A95A03 /* Resources */ = {
			isa = PBXGroup;
			children = (
				E6545F282804499B00A95A03 /* Assets.xcassets */,
				B7E1DA3A2804990E006C9D27 /* Colors.xcassets */,
			);
			path = Resources;
			sourceTree = "<group>";
		};
		E6545F5C2804529500A95A03 /* Model */ = {
			isa = PBXGroup;
			children = (
				E6FE835428102773000AD0C1 /* Transaction.swift */,
				E69870652816D458002D73F2 /* Textfield.swift */,
			);
			path = Model;
			sourceTree = "<group>";
		};
		E6545F5E2804531200A95A03 /* Helper */ = {
			isa = PBXGroup;
			children = (
				E6545F5F2804531A00A95A03 /* Core Data Manager */,
			);
			path = Helper;
			sourceTree = "<group>";
		};
		E6545F5F2804531A00A95A03 /* Core Data Manager */ = {
			isa = PBXGroup;
			children = (
				E6545F252804499900A95A03 /* Salma.xcdatamodeld */,
			);
			path = "Core Data Manager";
			sourceTree = "<group>";
		};
		E698705A2815C041002D73F2 /* Cell */ = {
			isa = PBXGroup;
			children = (
				E698705B2815C05E002D73F2 /* SettingTableViewCell.swift */,
				E698705C2815C05E002D73F2 /* SettingTableViewCell.xib */,
			);
			path = Cell;
			sourceTree = "<group>";
		};
		E698705F2816CCC3002D73F2 /* Store Profile */ = {
			isa = PBXGroup;
			children = (
				E69870602816CCCA002D73F2 /* View */,
			);
			path = "Store Profile";
			sourceTree = "<group>";
		};
		E69870602816CCCA002D73F2 /* View */ = {
			isa = PBXGroup;
			children = (
				E69870612816CCDD002D73F2 /* StoreProfileViewController.swift */,
				E69870622816CCDD002D73F2 /* StoreProfileViewController.xib */,
			);
			path = View;
			sourceTree = "<group>";
		};
		E6FE835628102ADD000AD0C1 /* ViewModel */ = {
			isa = PBXGroup;
			children = (
			);
			path = ViewModel;
			sourceTree = "<group>";
		};
		E6FE835728102AE5000AD0C1 /* View */ = {
			isa = PBXGroup;
			children = (
				E698705A2815C041002D73F2 /* Cell */,
				E6FE835828102B13000AD0C1 /* SettingViewController.swift */,
				E6FE835928102B13000AD0C1 /* SettingViewController.xib */,
			);
			path = View;
			sourceTree = "<group>";
		};
		E6FE835C28103606000AD0C1 /* Reusable Component */ = {
			isa = PBXGroup;
			children = (
				E6FE8366281181D1000AD0C1 /* Text Field */,
				E6FE835D28103610000AD0C1 /* Transaction Table View Cell */,
			);
			path = "Reusable Component";
			sourceTree = "<group>";
		};
		E6FE835D28103610000AD0C1 /* Transaction Table View Cell */ = {
			isa = PBXGroup;
			children = (
				E6FE835E2810362B000AD0C1 /* TransactionTableViewCell.swift */,
				E6FE835F2810362B000AD0C1 /* TransactionTableViewCell.xib */,
			);
			path = "Transaction Table View Cell";
			sourceTree = "<group>";
		};
		E6FE8366281181D1000AD0C1 /* Text Field */ = {
			isa = PBXGroup;
			children = (
				E6FE836728118222000AD0C1 /* TextFieldView.swift */,
				E6FE836928118477000AD0C1 /* TextFieldView.xib */,
			);
			path = "Text Field";
			sourceTree = "<group>";
		};
/* End PBXGroup section */

/* Begin PBXNativeTarget section */
		E6545F182804499900A95A03 /* Salma */ = {
			isa = PBXNativeTarget;
			buildConfigurationList = E6545F462804499C00A95A03 /* Build configuration list for PBXNativeTarget "Salma" */;
			buildPhases = (
				E6545F152804499900A95A03 /* Sources */,
				E6545F162804499900A95A03 /* Frameworks */,
				E6545F172804499900A95A03 /* Resources */,
			);
			buildRules = (
			);
			dependencies = (
			);
			name = Salma;
			packageProductDependencies = (
				E698706B2817167C002D73F2 /* IQKeyboardManagerSwift */,
			);
			productName = Salma;
			productReference = E6545F192804499900A95A03 /* Salma.app */;
			productType = "com.apple.product-type.application";
		};
		E6545F312804499B00A95A03 /* SalmaTests */ = {
			isa = PBXNativeTarget;
			buildConfigurationList = E6545F492804499C00A95A03 /* Build configuration list for PBXNativeTarget "SalmaTests" */;
			buildPhases = (
				E6545F2E2804499B00A95A03 /* Sources */,
				E6545F2F2804499B00A95A03 /* Frameworks */,
				E6545F302804499B00A95A03 /* Resources */,
			);
			buildRules = (
			);
			dependencies = (
				E6545F342804499B00A95A03 /* PBXTargetDependency */,
			);
			name = SalmaTests;
			productName = SalmaTests;
			productReference = E6545F322804499B00A95A03 /* SalmaTests.xctest */;
			productType = "com.apple.product-type.bundle.unit-test";
		};
		E6545F3B2804499B00A95A03 /* SalmaUITests */ = {
			isa = PBXNativeTarget;
			buildConfigurationList = E6545F4C2804499C00A95A03 /* Build configuration list for PBXNativeTarget "SalmaUITests" */;
			buildPhases = (
				E6545F382804499B00A95A03 /* Sources */,
				E6545F392804499B00A95A03 /* Frameworks */,
				E6545F3A2804499B00A95A03 /* Resources */,
			);
			buildRules = (
			);
			dependencies = (
				E6545F3E2804499B00A95A03 /* PBXTargetDependency */,
			);
			name = SalmaUITests;
			productName = SalmaUITests;
			productReference = E6545F3C2804499B00A95A03 /* SalmaUITests.xctest */;
			productType = "com.apple.product-type.bundle.ui-testing";
		};
/* End PBXNativeTarget section */

/* Begin PBXProject section */
		E6545F112804499900A95A03 /* Project object */ = {
			isa = PBXProject;
			attributes = {
				BuildIndependentTargetsInParallel = 1;
				LastSwiftUpdateCheck = 1320;
				LastUpgradeCheck = 1320;
				TargetAttributes = {
					E6545F182804499900A95A03 = {
						CreatedOnToolsVersion = 13.2.1;
					};
					E6545F312804499B00A95A03 = {
						CreatedOnToolsVersion = 13.2.1;
						TestTargetID = E6545F182804499900A95A03;
					};
					E6545F3B2804499B00A95A03 = {
						CreatedOnToolsVersion = 13.2.1;
						TestTargetID = E6545F182804499900A95A03;
					};
				};
			};
			buildConfigurationList = E6545F142804499900A95A03 /* Build configuration list for PBXProject "Salma" */;
			compatibilityVersion = "Xcode 13.0";
			developmentRegion = en;
			hasScannedForEncodings = 0;
			knownRegions = (
				en,
				Base,
			);
			mainGroup = E6545F102804499900A95A03;
			packageReferences = (
				E698706A2817167C002D73F2 /* XCRemoteSwiftPackageReference "IQKeyboardManager" */,
			);
			productRefGroup = E6545F1A2804499900A95A03 /* Products */;
			projectDirPath = "";
			projectRoot = "";
			targets = (
				E6545F182804499900A95A03 /* Salma */,
				E6545F312804499B00A95A03 /* SalmaTests */,
				E6545F3B2804499B00A95A03 /* SalmaUITests */,
			);
		};
/* End PBXProject section */

/* Begin PBXResourcesBuildPhase section */
		E6545F172804499900A95A03 /* Resources */ = {
			isa = PBXResourcesBuildPhase;
			buildActionMask = 2147483647;
			files = (
				E6FE83612810362B000AD0C1 /* TransactionTableViewCell.xib in Resources */,
				26BE46E828181804005118BF /* AutotextTableViewCell.xib in Resources */,
				E69870642816CCDD002D73F2 /* StoreProfileViewController.xib in Resources */,
				26D9D9692816CFD200A8EA86 /* ProductTableViewCell.xib in Resources */,
				B76E2ACA2805AB61003E349F /* AutotextViewController.xib in Resources */,
				E698705E2815C05E002D73F2 /* SettingTableViewCell.xib in Resources */,
				E6FE835B28102B13000AD0C1 /* SettingViewController.xib in Resources */,
				26D9D96228117B4800A8EA86 /* ProductAddViewController.xib in Resources */,
				B7E1DA3B2804990F006C9D27 /* Colors.xcassets in Resources */,
				B76E2AC02805AB61003E349F /* TabBarViewController.xib in Resources */,
				B76E2AC32805AB61003E349F /* ProductViewController.xib in Resources */,
				B76E2AC42805AB61003E349F /* LaunchScreen.storyboard in Resources */,
				26BE46EE28181902005118BF /* AutotextAddViewController.xib in Resources */,
				E6FE836A28118477000AD0C1 /* TextFieldView.xib in Resources */,
				E6545F292804499B00A95A03 /* Assets.xcassets in Resources */,
				B76E2AC92805AB61003E349F /* TransactionViewController.xib in Resources */,
				B76E2AC72805AB61003E349F /* DashboardViewController.xib in Resources */,
			);
			runOnlyForDeploymentPostprocessing = 0;
		};
		E6545F302804499B00A95A03 /* Resources */ = {
			isa = PBXResourcesBuildPhase;
			buildActionMask = 2147483647;
			files = (
			);
			runOnlyForDeploymentPostprocessing = 0;
		};
		E6545F3A2804499B00A95A03 /* Resources */ = {
			isa = PBXResourcesBuildPhase;
			buildActionMask = 2147483647;
			files = (
			);
			runOnlyForDeploymentPostprocessing = 0;
		};
/* End PBXResourcesBuildPhase section */

/* Begin PBXSourcesBuildPhase section */
		E6545F152804499900A95A03 /* Sources */ = {
			isa = PBXSourcesBuildPhase;
			buildActionMask = 2147483647;
			files = (
				E6FE836328114F67000AD0C1 /* Formatter+Extension.swift in Sources */,
				E6545F272804499900A95A03 /* Salma.xcdatamodeld in Sources */,
				E6FE83602810362B000AD0C1 /* TransactionTableViewCell.swift in Sources */,
				26D9D9682816CFD200A8EA86 /* ProductTableViewCell.swift in Sources */,
				E69870662816D458002D73F2 /* Textfield.swift in Sources */,
				26BE46ED28181902005118BF /* AutotextAddViewController.swift in Sources */,
				B76E2AC52805AB61003E349F /* DashboardVCViewModel.swift in Sources */,
				E6FE836828118222000AD0C1 /* TextFieldView.swift in Sources */,
				B7E1DA4628049CFC006C9D27 /* Constant.swift in Sources */,
				B76E2A982805A905003E349F /* UIView+Extension.swift in Sources */,
				26D9D96128117B4800A8EA86 /* ProductAddViewController.swift in Sources */,
				B7E1DA4428049CE6006C9D27 /* Enum.swift in Sources */,
				26BE46E728181804005118BF /* AutotextTableViewCell.swift in Sources */,
				E6FE835A28102B13000AD0C1 /* SettingViewController.swift in Sources */,
				E69870632816CCDD002D73F2 /* StoreProfileViewController.swift in Sources */,
				E6FE835528102773000AD0C1 /* Transaction.swift in Sources */,
				B76E2AC12805AB61003E349F /* TabBarViewController.swift in Sources */,
				E6545F1D2804499900A95A03 /* AppDelegate.swift in Sources */,
				E698705D2815C05E002D73F2 /* SettingTableViewCell.swift in Sources */,
				B76E2AC62805AB61003E349F /* DashboardViewController.swift in Sources */,
				B76E2ACB2805AB61003E349F /* AutotextViewController.swift in Sources */,
				B76E2AC82805AB61003E349F /* TransactionViewController.swift in Sources */,
				B76E2AC22805AB61003E349F /* ProductViewController.swift in Sources */,
				E6545F1F2804499900A95A03 /* SceneDelegate.swift in Sources */,
			);
			runOnlyForDeploymentPostprocessing = 0;
		};
		E6545F2E2804499B00A95A03 /* Sources */ = {
			isa = PBXSourcesBuildPhase;
			buildActionMask = 2147483647;
			files = (
				E6545F372804499B00A95A03 /* SalmaTests.swift in Sources */,
			);
			runOnlyForDeploymentPostprocessing = 0;
		};
		E6545F382804499B00A95A03 /* Sources */ = {
			isa = PBXSourcesBuildPhase;
			buildActionMask = 2147483647;
			files = (
				E6545F412804499B00A95A03 /* SalmaUITests.swift in Sources */,
				E6545F432804499C00A95A03 /* SalmaUITestsLaunchTests.swift in Sources */,
			);
			runOnlyForDeploymentPostprocessing = 0;
		};
/* End PBXSourcesBuildPhase section */

/* Begin PBXTargetDependency section */
		E6545F342804499B00A95A03 /* PBXTargetDependency */ = {
			isa = PBXTargetDependency;
			target = E6545F182804499900A95A03 /* Salma */;
			targetProxy = E6545F332804499B00A95A03 /* PBXContainerItemProxy */;
		};
		E6545F3E2804499B00A95A03 /* PBXTargetDependency */ = {
			isa = PBXTargetDependency;
			target = E6545F182804499900A95A03 /* Salma */;
			targetProxy = E6545F3D2804499B00A95A03 /* PBXContainerItemProxy */;
		};
/* End PBXTargetDependency section */

/* Begin PBXVariantGroup section */
		B76E2AAB2805AB61003E349F /* LaunchScreen.storyboard */ = {
			isa = PBXVariantGroup;
			children = (
				B76E2AAC2805AB61003E349F /* Base */,
			);
			name = LaunchScreen.storyboard;
			sourceTree = "<group>";
		};
/* End PBXVariantGroup section */

/* Begin XCBuildConfiguration section */
		E6545F442804499C00A95A03 /* Debug */ = {
			isa = XCBuildConfiguration;
			buildSettings = {
				ALWAYS_SEARCH_USER_PATHS = NO;
				CLANG_ANALYZER_NONNULL = YES;
				CLANG_ANALYZER_NUMBER_OBJECT_CONVERSION = YES_AGGRESSIVE;
				CLANG_CXX_LANGUAGE_STANDARD = "gnu++17";
				CLANG_CXX_LIBRARY = "libc++";
				CLANG_ENABLE_MODULES = YES;
				CLANG_ENABLE_OBJC_ARC = YES;
				CLANG_ENABLE_OBJC_WEAK = YES;
				CLANG_WARN_BLOCK_CAPTURE_AUTORELEASING = YES;
				CLANG_WARN_BOOL_CONVERSION = YES;
				CLANG_WARN_COMMA = YES;
				CLANG_WARN_CONSTANT_CONVERSION = YES;
				CLANG_WARN_DEPRECATED_OBJC_IMPLEMENTATIONS = YES;
				CLANG_WARN_DIRECT_OBJC_ISA_USAGE = YES_ERROR;
				CLANG_WARN_DOCUMENTATION_COMMENTS = YES;
				CLANG_WARN_EMPTY_BODY = YES;
				CLANG_WARN_ENUM_CONVERSION = YES;
				CLANG_WARN_INFINITE_RECURSION = YES;
				CLANG_WARN_INT_CONVERSION = YES;
				CLANG_WARN_NON_LITERAL_NULL_CONVERSION = YES;
				CLANG_WARN_OBJC_IMPLICIT_RETAIN_SELF = YES;
				CLANG_WARN_OBJC_LITERAL_CONVERSION = YES;
				CLANG_WARN_OBJC_ROOT_CLASS = YES_ERROR;
				CLANG_WARN_QUOTED_INCLUDE_IN_FRAMEWORK_HEADER = YES;
				CLANG_WARN_RANGE_LOOP_ANALYSIS = YES;
				CLANG_WARN_STRICT_PROTOTYPES = YES;
				CLANG_WARN_SUSPICIOUS_MOVE = YES;
				CLANG_WARN_UNGUARDED_AVAILABILITY = YES_AGGRESSIVE;
				CLANG_WARN_UNREACHABLE_CODE = YES;
				CLANG_WARN__DUPLICATE_METHOD_MATCH = YES;
				COPY_PHASE_STRIP = NO;
				DEBUG_INFORMATION_FORMAT = dwarf;
				ENABLE_STRICT_OBJC_MSGSEND = YES;
				ENABLE_TESTABILITY = YES;
				GCC_C_LANGUAGE_STANDARD = gnu11;
				GCC_DYNAMIC_NO_PIC = NO;
				GCC_NO_COMMON_BLOCKS = YES;
				GCC_OPTIMIZATION_LEVEL = 0;
				GCC_PREPROCESSOR_DEFINITIONS = (
					"DEBUG=1",
					"$(inherited)",
				);
				GCC_WARN_64_TO_32_BIT_CONVERSION = YES;
				GCC_WARN_ABOUT_RETURN_TYPE = YES_ERROR;
				GCC_WARN_UNDECLARED_SELECTOR = YES;
				GCC_WARN_UNINITIALIZED_AUTOS = YES_AGGRESSIVE;
				GCC_WARN_UNUSED_FUNCTION = YES;
				GCC_WARN_UNUSED_VARIABLE = YES;
				IPHONEOS_DEPLOYMENT_TARGET = 15.2;
				MTL_ENABLE_DEBUG_INFO = INCLUDE_SOURCE;
				MTL_FAST_MATH = YES;
				ONLY_ACTIVE_ARCH = YES;
				SDKROOT = iphoneos;
				SWIFT_ACTIVE_COMPILATION_CONDITIONS = DEBUG;
				SWIFT_OPTIMIZATION_LEVEL = "-Onone";
			};
			name = Debug;
		};
		E6545F452804499C00A95A03 /* Release */ = {
			isa = XCBuildConfiguration;
			buildSettings = {
				ALWAYS_SEARCH_USER_PATHS = NO;
				CLANG_ANALYZER_NONNULL = YES;
				CLANG_ANALYZER_NUMBER_OBJECT_CONVERSION = YES_AGGRESSIVE;
				CLANG_CXX_LANGUAGE_STANDARD = "gnu++17";
				CLANG_CXX_LIBRARY = "libc++";
				CLANG_ENABLE_MODULES = YES;
				CLANG_ENABLE_OBJC_ARC = YES;
				CLANG_ENABLE_OBJC_WEAK = YES;
				CLANG_WARN_BLOCK_CAPTURE_AUTORELEASING = YES;
				CLANG_WARN_BOOL_CONVERSION = YES;
				CLANG_WARN_COMMA = YES;
				CLANG_WARN_CONSTANT_CONVERSION = YES;
				CLANG_WARN_DEPRECATED_OBJC_IMPLEMENTATIONS = YES;
				CLANG_WARN_DIRECT_OBJC_ISA_USAGE = YES_ERROR;
				CLANG_WARN_DOCUMENTATION_COMMENTS = YES;
				CLANG_WARN_EMPTY_BODY = YES;
				CLANG_WARN_ENUM_CONVERSION = YES;
				CLANG_WARN_INFINITE_RECURSION = YES;
				CLANG_WARN_INT_CONVERSION = YES;
				CLANG_WARN_NON_LITERAL_NULL_CONVERSION = YES;
				CLANG_WARN_OBJC_IMPLICIT_RETAIN_SELF = YES;
				CLANG_WARN_OBJC_LITERAL_CONVERSION = YES;
				CLANG_WARN_OBJC_ROOT_CLASS = YES_ERROR;
				CLANG_WARN_QUOTED_INCLUDE_IN_FRAMEWORK_HEADER = YES;
				CLANG_WARN_RANGE_LOOP_ANALYSIS = YES;
				CLANG_WARN_STRICT_PROTOTYPES = YES;
				CLANG_WARN_SUSPICIOUS_MOVE = YES;
				CLANG_WARN_UNGUARDED_AVAILABILITY = YES_AGGRESSIVE;
				CLANG_WARN_UNREACHABLE_CODE = YES;
				CLANG_WARN__DUPLICATE_METHOD_MATCH = YES;
				COPY_PHASE_STRIP = NO;
				DEBUG_INFORMATION_FORMAT = "dwarf-with-dsym";
				ENABLE_NS_ASSERTIONS = NO;
				ENABLE_STRICT_OBJC_MSGSEND = YES;
				GCC_C_LANGUAGE_STANDARD = gnu11;
				GCC_NO_COMMON_BLOCKS = YES;
				GCC_WARN_64_TO_32_BIT_CONVERSION = YES;
				GCC_WARN_ABOUT_RETURN_TYPE = YES_ERROR;
				GCC_WARN_UNDECLARED_SELECTOR = YES;
				GCC_WARN_UNINITIALIZED_AUTOS = YES_AGGRESSIVE;
				GCC_WARN_UNUSED_FUNCTION = YES;
				GCC_WARN_UNUSED_VARIABLE = YES;
				IPHONEOS_DEPLOYMENT_TARGET = 15.2;
				MTL_ENABLE_DEBUG_INFO = NO;
				MTL_FAST_MATH = YES;
				SDKROOT = iphoneos;
				SWIFT_COMPILATION_MODE = wholemodule;
				SWIFT_OPTIMIZATION_LEVEL = "-O";
				VALIDATE_PRODUCT = YES;
			};
			name = Release;
		};
		E6545F472804499C00A95A03 /* Debug */ = {
			isa = XCBuildConfiguration;
			buildSettings = {
				ASSETCATALOG_COMPILER_APPICON_NAME = AppIcon;
				ASSETCATALOG_COMPILER_GLOBAL_ACCENT_COLOR_NAME = AccentColor;
				CODE_SIGN_STYLE = Automatic;
				CURRENT_PROJECT_VERSION = 1;
				DEVELOPMENT_TEAM = "";
				GENERATE_INFOPLIST_FILE = YES;
				INFOPLIST_FILE = Salma/Info.plist;
				INFOPLIST_KEY_UIApplicationSupportsIndirectInputEvents = YES;
				INFOPLIST_KEY_UILaunchStoryboardName = LaunchScreen;
				INFOPLIST_KEY_UISupportedInterfaceOrientations = UIInterfaceOrientationPortrait;
				INFOPLIST_KEY_UISupportedInterfaceOrientations_iPad = "UIInterfaceOrientationPortrait UIInterfaceOrientationPortraitUpsideDown UIInterfaceOrientationLandscapeLeft UIInterfaceOrientationLandscapeRight";
				INFOPLIST_KEY_UISupportedInterfaceOrientations_iPhone = "UIInterfaceOrientationPortrait UIInterfaceOrientationLandscapeLeft UIInterfaceOrientationLandscapeRight";
				IPHONEOS_DEPLOYMENT_TARGET = 15.2;
				LD_RUNPATH_SEARCH_PATHS = (
					"$(inherited)",
					"@executable_path/Frameworks",
				);
				MARKETING_VERSION = 0.1;
				PRODUCT_BUNDLE_IDENTIFIER = com.SMS.Salma;
				PRODUCT_NAME = "$(TARGET_NAME)";
				SWIFT_EMIT_LOC_STRINGS = YES;
				SWIFT_VERSION = 5.0;
				TARGETED_DEVICE_FAMILY = 1;
			};
			name = Debug;
		};
		E6545F482804499C00A95A03 /* Release */ = {
			isa = XCBuildConfiguration;
			buildSettings = {
				ASSETCATALOG_COMPILER_APPICON_NAME = AppIcon;
				ASSETCATALOG_COMPILER_GLOBAL_ACCENT_COLOR_NAME = AccentColor;
				CODE_SIGN_STYLE = Automatic;
				CURRENT_PROJECT_VERSION = 1;
				DEVELOPMENT_TEAM = "";
				GENERATE_INFOPLIST_FILE = YES;
				INFOPLIST_FILE = Salma/Info.plist;
				INFOPLIST_KEY_UIApplicationSupportsIndirectInputEvents = YES;
				INFOPLIST_KEY_UILaunchStoryboardName = LaunchScreen;
				INFOPLIST_KEY_UISupportedInterfaceOrientations = UIInterfaceOrientationPortrait;
				INFOPLIST_KEY_UISupportedInterfaceOrientations_iPad = "UIInterfaceOrientationPortrait UIInterfaceOrientationPortraitUpsideDown UIInterfaceOrientationLandscapeLeft UIInterfaceOrientationLandscapeRight";
				INFOPLIST_KEY_UISupportedInterfaceOrientations_iPhone = "UIInterfaceOrientationPortrait UIInterfaceOrientationLandscapeLeft UIInterfaceOrientationLandscapeRight";
				IPHONEOS_DEPLOYMENT_TARGET = 15.2;
				LD_RUNPATH_SEARCH_PATHS = (
					"$(inherited)",
					"@executable_path/Frameworks",
				);
				MARKETING_VERSION = 0.1;
				PRODUCT_BUNDLE_IDENTIFIER = com.SMS.Salma;
				PRODUCT_NAME = "$(TARGET_NAME)";
				SWIFT_EMIT_LOC_STRINGS = YES;
				SWIFT_VERSION = 5.0;
				TARGETED_DEVICE_FAMILY = 1;
			};
			name = Release;
		};
		E6545F4A2804499C00A95A03 /* Debug */ = {
			isa = XCBuildConfiguration;
			buildSettings = {
				ALWAYS_EMBED_SWIFT_STANDARD_LIBRARIES = YES;
				BUNDLE_LOADER = "$(TEST_HOST)";
				CODE_SIGN_STYLE = Automatic;
				CURRENT_PROJECT_VERSION = 1;
				GENERATE_INFOPLIST_FILE = YES;
				IPHONEOS_DEPLOYMENT_TARGET = 15.2;
				MARKETING_VERSION = 1.0;
				PRODUCT_BUNDLE_IDENTIFIER = com.SMS.SalmaTests;
				PRODUCT_NAME = "$(TARGET_NAME)";
				SWIFT_EMIT_LOC_STRINGS = NO;
				SWIFT_VERSION = 5.0;
				TARGETED_DEVICE_FAMILY = "1,2";
				TEST_HOST = "$(BUILT_PRODUCTS_DIR)/Salma.app/Salma";
			};
			name = Debug;
		};
		E6545F4B2804499C00A95A03 /* Release */ = {
			isa = XCBuildConfiguration;
			buildSettings = {
				ALWAYS_EMBED_SWIFT_STANDARD_LIBRARIES = YES;
				BUNDLE_LOADER = "$(TEST_HOST)";
				CODE_SIGN_STYLE = Automatic;
				CURRENT_PROJECT_VERSION = 1;
				GENERATE_INFOPLIST_FILE = YES;
				IPHONEOS_DEPLOYMENT_TARGET = 15.2;
				MARKETING_VERSION = 1.0;
				PRODUCT_BUNDLE_IDENTIFIER = com.SMS.SalmaTests;
				PRODUCT_NAME = "$(TARGET_NAME)";
				SWIFT_EMIT_LOC_STRINGS = NO;
				SWIFT_VERSION = 5.0;
				TARGETED_DEVICE_FAMILY = "1,2";
				TEST_HOST = "$(BUILT_PRODUCTS_DIR)/Salma.app/Salma";
			};
			name = Release;
		};
		E6545F4D2804499C00A95A03 /* Debug */ = {
			isa = XCBuildConfiguration;
			buildSettings = {
				ALWAYS_EMBED_SWIFT_STANDARD_LIBRARIES = YES;
				CODE_SIGN_STYLE = Automatic;
				CURRENT_PROJECT_VERSION = 1;
				GENERATE_INFOPLIST_FILE = YES;
				MARKETING_VERSION = 1.0;
				PRODUCT_BUNDLE_IDENTIFIER = com.SMS.SalmaUITests;
				PRODUCT_NAME = "$(TARGET_NAME)";
				SWIFT_EMIT_LOC_STRINGS = NO;
				SWIFT_VERSION = 5.0;
				TARGETED_DEVICE_FAMILY = "1,2";
				TEST_TARGET_NAME = Salma;
			};
			name = Debug;
		};
		E6545F4E2804499C00A95A03 /* Release */ = {
			isa = XCBuildConfiguration;
			buildSettings = {
				ALWAYS_EMBED_SWIFT_STANDARD_LIBRARIES = YES;
				CODE_SIGN_STYLE = Automatic;
				CURRENT_PROJECT_VERSION = 1;
				GENERATE_INFOPLIST_FILE = YES;
				MARKETING_VERSION = 1.0;
				PRODUCT_BUNDLE_IDENTIFIER = com.SMS.SalmaUITests;
				PRODUCT_NAME = "$(TARGET_NAME)";
				SWIFT_EMIT_LOC_STRINGS = NO;
				SWIFT_VERSION = 5.0;
				TARGETED_DEVICE_FAMILY = "1,2";
				TEST_TARGET_NAME = Salma;
			};
			name = Release;
		};
/* End XCBuildConfiguration section */

/* Begin XCConfigurationList section */
		E6545F142804499900A95A03 /* Build configuration list for PBXProject "Salma" */ = {
			isa = XCConfigurationList;
			buildConfigurations = (
				E6545F442804499C00A95A03 /* Debug */,
				E6545F452804499C00A95A03 /* Release */,
			);
			defaultConfigurationIsVisible = 0;
			defaultConfigurationName = Release;
		};
		E6545F462804499C00A95A03 /* Build configuration list for PBXNativeTarget "Salma" */ = {
			isa = XCConfigurationList;
			buildConfigurations = (
				E6545F472804499C00A95A03 /* Debug */,
				E6545F482804499C00A95A03 /* Release */,
			);
			defaultConfigurationIsVisible = 0;
			defaultConfigurationName = Release;
		};
		E6545F492804499C00A95A03 /* Build configuration list for PBXNativeTarget "SalmaTests" */ = {
			isa = XCConfigurationList;
			buildConfigurations = (
				E6545F4A2804499C00A95A03 /* Debug */,
				E6545F4B2804499C00A95A03 /* Release */,
			);
			defaultConfigurationIsVisible = 0;
			defaultConfigurationName = Release;
		};
		E6545F4C2804499C00A95A03 /* Build configuration list for PBXNativeTarget "SalmaUITests" */ = {
			isa = XCConfigurationList;
			buildConfigurations = (
				E6545F4D2804499C00A95A03 /* Debug */,
				E6545F4E2804499C00A95A03 /* Release */,
			);
			defaultConfigurationIsVisible = 0;
			defaultConfigurationName = Release;
		};
/* End XCConfigurationList section */

/* Begin XCRemoteSwiftPackageReference section */
		E698706A2817167C002D73F2 /* XCRemoteSwiftPackageReference "IQKeyboardManager" */ = {
			isa = XCRemoteSwiftPackageReference;
			repositoryURL = "https://github.com/hackiftekhar/IQKeyboardManager.git";
			requirement = {
				kind = upToNextMajorVersion;
				minimumVersion = 6.5.0;
			};
		};
/* End XCRemoteSwiftPackageReference section */

/* Begin XCSwiftPackageProductDependency section */
		E698706B2817167C002D73F2 /* IQKeyboardManagerSwift */ = {
			isa = XCSwiftPackageProductDependency;
			package = E698706A2817167C002D73F2 /* XCRemoteSwiftPackageReference "IQKeyboardManager" */;
			productName = IQKeyboardManagerSwift;
		};
/* End XCSwiftPackageProductDependency section */

/* Begin XCVersionGroup section */
		E6545F252804499900A95A03 /* Salma.xcdatamodeld */ = {
			isa = XCVersionGroup;
			children = (
				E6545F262804499900A95A03 /* Salma.xcdatamodel */,
			);
			currentVersion = E6545F262804499900A95A03 /* Salma.xcdatamodel */;
			path = Salma.xcdatamodeld;
			sourceTree = "<group>";
			versionGroupType = wrapper.xcdatamodel;
		};
/* End XCVersionGroup section */
	};
	rootObject = E6545F112804499900A95A03 /* Project object */;
}
